
Microsoft Visual Studio Solution File, Format Version 12.00
# Visual Studio Version 16
VisualStudioVersion = 16.0.29201.188
MinimumVisualStudioVersion = 10.0.40219.1
Project("{9A19103F-16F7-4668-BE54-9A1E7A4F7556}") = "Dang.ModuleDi", "Dang.ModuleDi\Dang.ModuleDi.csproj", "{A9DD3B13-BD86-4D73-AFF7-83C8C005B426}"
EndProject
Project("{9A19103F-16F7-4668-BE54-9A1E7A4F7556}") = "Dang.ModuleDi.Tests", "Dang.ModuleDi.Tests\Dang.ModuleDi.Tests.csproj", "{C93822CF-CDB9-4AC5-9282-4AB98398F15A}"
EndProject
Global
	GlobalSection(SolutionConfigurationPlatforms) = preSolution
		Debug|Any CPU = Debug|Any CPU
		Release|Any CPU = Release|Any CPU
	EndGlobalSection
	GlobalSection(ProjectConfigurationPlatforms) = postSolution
		{A9DD3B13-BD86-4D73-AFF7-83C8C005B426}.Debug|Any CPU.ActiveCfg = Debug|Any CPU
		{A9DD3B13-BD86-4D73-AFF7-83C8C005B426}.Debug|Any CPU.Build.0 = Debug|Any CPU
		{A9DD3B13-BD86-4D73-AFF7-83C8C005B426}.Release|Any CPU.ActiveCfg = Release|Any CPU
		{A9DD3B13-BD86-4D73-AFF7-83C8C005B426}.Release|Any CPU.Build.0 = Release|Any CPU
		{C93822CF-CDB9-4AC5-9282-4AB98398F15A}.Debug|Any CPU.ActiveCfg = Debug|Any CPU
		{C93822CF-CDB9-4AC5-9282-4AB98398F15A}.Debug|Any CPU.Build.0 = Debug|Any CPU
		{C93822CF-CDB9-4AC5-9282-4AB98398F15A}.Release|Any CPU.ActiveCfg = Release|Any CPU
		{C93822CF-CDB9-4AC5-9282-4AB98398F15A}.Release|Any CPU.Build.0 = Release|Any CPU
	EndGlobalSection
	GlobalSection(SolutionProperties) = preSolution
		HideSolutionNode = FALSE
	EndGlobalSection
	GlobalSection(ExtensibilityGlobals) = postSolution
		SolutionGuid = {906F03E2-74A4-4EE9-90FC-3DAC29DDC595}
	EndGlobalSection
EndGlobal
