
Microsoft Visual Studio Solution File, Format Version 12.00
# Visual Studio Version 16
VisualStudioVersion = 16.0.29201.188
MinimumVisualStudioVersion = 10.0.40219.1
Project("{FAE04EC0-301F-11D3-BF4B-00C04F79EFBC}") = "Dang.ModuleDi", "Dang.ModuleDi\Dang.ModuleDi.csproj", "{A9DD3B13-BD86-4D73-AFF7-83C8C005B426}"
EndProject
Project("{FAE04EC0-301F-11D3-BF4B-00C04F79EFBC}") = "Dang.ModuleDi.Tests", "..\Dang.ModuleDi.Tests\UnitTestProject1\Dang.ModuleDi.Tests.csproj", "{8BF04649-984E-42E0-868C-1ED640857DD7}"
EndProject
Global
	GlobalSection(SolutionConfigurationPlatforms) = preSolution
		Debug|Any CPU = Debug|Any CPU
		Release|Any CPU = Release|Any CPU
	EndGlobalSection
	GlobalSection(ProjectConfigurationPlatforms) = postSolution
		{A9DD3B13-BD86-4D73-AFF7-83C8C005B426}.Debug|Any CPU.ActiveCfg = Debug|Any CPU
		{A9DD3B13-BD86-4D73-AFF7-83C8C005B426}.Debug|Any CPU.Build.0 = Debug|Any CPU
		{A9DD3B13-BD86-4D73-AFF7-83C8C005B426}.Release|Any CPU.ActiveCfg = Release|Any CPU
		{A9DD3B13-BD86-4D73-AFF7-83C8C005B426}.Release|Any CPU.Build.0 = Release|Any CPU
		{8BF04649-984E-42E0-868C-1ED640857DD7}.Debug|Any CPU.ActiveCfg = Debug|Any CPU
		{8BF04649-984E-42E0-868C-1ED640857DD7}.Debug|Any CPU.Build.0 = Debug|Any CPU
		{8BF04649-984E-42E0-868C-1ED640857DD7}.Release|Any CPU.ActiveCfg = Release|Any CPU
		{8BF04649-984E-42E0-868C-1ED640857DD7}.Release|Any CPU.Build.0 = Release|Any CPU
	EndGlobalSection
	GlobalSection(SolutionProperties) = preSolution
		HideSolutionNode = FALSE
	EndGlobalSection
	GlobalSection(ExtensibilityGlobals) = postSolution
		SolutionGuid = {906F03E2-74A4-4EE9-90FC-3DAC29DDC595}
	EndGlobalSection
EndGlobal
